
Microsoft Visual Studio Solution File, Format Version 12.00
# Visual Studio Version 17
VisualStudioVersion = 17.5.33414.496
MinimumVisualStudioVersion = 10.0.40219.1
Project("{8BC9CEB8-8B4A-11D0-8D11-00A0C91BC942}") = "module_06", "module_06.vcxproj", "{068FEEDB-5B75-48ED-9F3F-D43D2202EB33}"
EndProject
Global
	GlobalSection(SolutionConfigurationPlatforms) = preSolution
		Debug|x64 = Debug|x64
		Debug|x86 = Debug|x86
		Release|x64 = Release|x64
		Release|x86 = Release|x86
	EndGlobalSection
	GlobalSection(ProjectConfigurationPlatforms) = postSolution
		{068FEEDB-5B75-48ED-9F3F-D43D2202EB33}.Debug|x64.ActiveCfg = Debug|x64
		{068FEEDB-5B75-48ED-9F3F-D43D2202EB33}.Debug|x64.Build.0 = Debug|x64
		{068FEEDB-5B75-48ED-9F3F-D43D2202EB33}.Debug|x86.ActiveCfg = Debug|Win32
		{068FEEDB-5B75-48ED-9F3F-D43D2202EB33}.Debug|x86.Build.0 = Debug|Win32
		{068FEEDB-5B75-48ED-9F3F-D43D2202EB33}.Release|x64.ActiveCfg = Release|x64
		{068FEEDB-5B75-48ED-9F3F-D43D2202EB33}.Release|x64.Build.0 = Release|x64
		{068FEEDB-5B75-48ED-9F3F-D43D2202EB33}.Release|x86.ActiveCfg = Release|Win32
		{068FEEDB-5B75-48ED-9F3F-D43D2202EB33}.Release|x86.Build.0 = Release|Win32
	EndGlobalSection
	GlobalSection(SolutionProperties) = preSolution
		HideSolutionNode = FALSE
	EndGlobalSection
	GlobalSection(ExtensibilityGlobals) = postSolution
		SolutionGuid = {D0682853-361C-439B-81F0-312F7E939F81}
	EndGlobalSection
EndGlobal
